
Microsoft Visual Studio Solution File, Format Version 12.00
# Visual Studio 15
VisualStudioVersion = 15.0.27703.2035
MinimumVisualStudioVersion = 10.0.40219.1
Project("{FAE04EC0-301F-11D3-BF4B-00C04F79EFBC}") = "StudentGrade", "StudentGrade\StudentGrade.csproj", "{7B5D9175-CC9F-42AF-8E48-276EA07BEFDE}"
EndProject
Global
	GlobalSection(SolutionConfigurationPlatforms) = preSolution
		Debug|Any CPU = Debug|Any CPU
		Release|Any CPU = Release|Any CPU
	EndGlobalSection
	GlobalSection(ProjectConfigurationPlatforms) = postSolution
		{7B5D9175-CC9F-42AF-8E48-276EA07BEFDE}.Debug|Any CPU.ActiveCfg = Debug|Any CPU
		{7B5D9175-CC9F-42AF-8E48-276EA07BEFDE}.Debug|Any CPU.Build.0 = Debug|Any CPU
		{7B5D9175-CC9F-42AF-8E48-276EA07BEFDE}.Release|Any CPU.ActiveCfg = Release|Any CPU
		{7B5D9175-CC9F-42AF-8E48-276EA07BEFDE}.Release|Any CPU.Build.0 = Release|Any CPU
	EndGlobalSection
	GlobalSection(SolutionProperties) = preSolution
		HideSolutionNode = FALSE
	EndGlobalSection
	GlobalSection(ExtensibilityGlobals) = postSolution
		SolutionGuid = {61B18A11-5863-4E31-BF92-447979257A2A}
	EndGlobalSection
EndGlobal
